// !$*UTF8*$!
{
	archiveVersion = 1;
	classes = {
	};
	objectVersion = 50;
	objects = {

/* Begin PBXBuildFile section */
		1818CDFE25E559F800AD18C3 /* js_native_api_jsc.h in Headers */ = {isa = PBXBuildFile; fileRef = 1818CDFC25E559F800AD18C3 /* js_native_api_jsc.h */; };
		1818CDFF25E559F800AD18C3 /* js_native_api_jsc.c in Sources */ = {isa = PBXBuildFile; fileRef = 1818CDFD25E559F800AD18C3 /* js_native_api_jsc.c */; };
		18B5757025E522200061B45D /* main.c in Sources */ = {isa = PBXBuildFile; fileRef = 18B5756F25E522200061B45D /* main.c */; };
		18B5759825E524C30061B45D /* js_native_api_types.h in Headers */ = {isa = PBXBuildFile; fileRef = 18B5759625E524C30061B45D /* js_native_api_types.h */; settings = {ATTRIBUTES = (Public, ); }; };
		18B57B7E25E53BD00061B45D /* js_native_api.h in Headers */ = {isa = PBXBuildFile; fileRef = 18B57B7C25E53BD00061B45D /* js_native_api.h */; settings = {ATTRIBUTES = (Public, ); }; };
/* End PBXBuildFile section */

/* Begin PBXCopyFilesBuildPhase section */
		18B5756A25E522200061B45D /* CopyFiles */ = {
			isa = PBXCopyFilesBuildPhase;
			buildActionMask = 2147483647;
			dstPath = /usr/share/man/man1/;
			dstSubfolderSpec = 0;
			files = (
			);
			runOnlyForDeploymentPostprocessing = 1;
		};
/* End PBXCopyFilesBuildPhase section */

/* Begin PBXFileReference section */
		1818CDFC25E559F800AD18C3 /* js_native_api_jsc.h */ = {isa = PBXFileReference; lastKnownFileType = sourcecode.c.h; path = js_native_api_jsc.h; sourceTree = "<group>"; };
		1818CDFD25E559F800AD18C3 /* js_native_api_jsc.c */ = {isa = PBXFileReference; lastKnownFileType = sourcecode.c.c; path = js_native_api_jsc.c; sourceTree = "<group>"; };
		18B5756C25E522200061B45D /* Example */ = {isa = PBXFileReference; explicitFileType = "compiled.mach-o.executable"; includeInIndex = 0; path = Example; sourceTree = BUILT_PRODUCTS_DIR; };
		18B5756F25E522200061B45D /* main.c */ = {isa = PBXFileReference; lastKnownFileType = sourcecode.c.c; path = main.c; sourceTree = "<group>"; };
		18B5758B25E524A20061B45D /* libNAPI.a */ = {isa = PBXFileReference; explicitFileType = archive.ar; includeInIndex = 0; path = libNAPI.a; sourceTree = BUILT_PRODUCTS_DIR; };
		18B5759625E524C30061B45D /* js_native_api_types.h */ = {isa = PBXFileReference; lastKnownFileType = sourcecode.c.h; path = js_native_api_types.h; sourceTree = "<group>"; };
		18B57B7C25E53BD00061B45D /* js_native_api.h */ = {isa = PBXFileReference; lastKnownFileType = sourcecode.c.h; path = js_native_api.h; sourceTree = "<group>"; };
/* End PBXFileReference section */

/* Begin PBXFrameworksBuildPhase section */
		18B5756925E522200061B45D /* Frameworks */ = {
			isa = PBXFrameworksBuildPhase;
			buildActionMask = 2147483647;
			files = (
			);
			runOnlyForDeploymentPostprocessing = 0;
		};
		18B5758925E524A20061B45D /* Frameworks */ = {
			isa = PBXFrameworksBuildPhase;
			buildActionMask = 2147483647;
			files = (
			);
			runOnlyForDeploymentPostprocessing = 0;
		};
/* End PBXFrameworksBuildPhase section */

/* Begin PBXGroup section */
		18B5756325E522200061B45D = {
			isa = PBXGroup;
			children = (
				18B5756E25E522200061B45D /* Example */,
				18B5758C25E524A20061B45D /* NAPI */,
				18B5756D25E522200061B45D /* Products */,
			);
			sourceTree = "<group>";
		};
		18B5756D25E522200061B45D /* Products */ = {
			isa = PBXGroup;
			children = (
				18B5756C25E522200061B45D /* Example */,
				18B5758B25E524A20061B45D /* libNAPI.a */,
			);
			name = Products;
			sourceTree = "<group>";
		};
		18B5756E25E522200061B45D /* Example */ = {
			isa = PBXGroup;
			children = (
				18B5756F25E522200061B45D /* main.c */,
			);
			path = Example;
			sourceTree = "<group>";
		};
		18B5758C25E524A20061B45D /* NAPI */ = {
			isa = PBXGroup;
			children = (
				18B5759625E524C30061B45D /* js_native_api_types.h */,
				18B57B7C25E53BD00061B45D /* js_native_api.h */,
				1818CDFC25E559F800AD18C3 /* js_native_api_jsc.h */,
				1818CDFD25E559F800AD18C3 /* js_native_api_jsc.c */,
			);
			path = NAPI;
			sourceTree = "<group>";
		};
/* End PBXGroup section */

/* Begin PBXHeadersBuildPhase section */
		18B5758725E524A20061B45D /* Headers */ = {
			isa = PBXHeadersBuildPhase;
			buildActionMask = 2147483647;
			files = (
				18B5759825E524C30061B45D /* js_native_api_types.h in Headers */,
				18B57B7E25E53BD00061B45D /* js_native_api.h in Headers */,
				1818CDFE25E559F800AD18C3 /* js_native_api_jsc.h in Headers */,
			);
			runOnlyForDeploymentPostprocessing = 0;
		};
/* End PBXHeadersBuildPhase section */

/* Begin PBXNativeTarget section */
		18B5756B25E522200061B45D /* Example */ = {
			isa = PBXNativeTarget;
			buildConfigurationList = 18B5757325E522200061B45D /* Build configuration list for PBXNativeTarget "Example" */;
			buildPhases = (
				18B5756825E522200061B45D /* Sources */,
				18B5756925E522200061B45D /* Frameworks */,
				18B5756A25E522200061B45D /* CopyFiles */,
			);
			buildRules = (
			);
			dependencies = (
			);
			name = Example;
			productName = Example;
			productReference = 18B5756C25E522200061B45D /* Example */;
			productType = "com.apple.product-type.tool";
		};
		18B5758A25E524A20061B45D /* NAPI */ = {
			isa = PBXNativeTarget;
			buildConfigurationList = 18B5759125E524A20061B45D /* Build configuration list for PBXNativeTarget "NAPI" */;
			buildPhases = (
				18B5758725E524A20061B45D /* Headers */,
				18B5758825E524A20061B45D /* Sources */,
				18B5758925E524A20061B45D /* Frameworks */,
			);
			buildRules = (
			);
			dependencies = (
			);
			name = NAPI;
			productName = NAPI;
			productReference = 18B5758B25E524A20061B45D /* libNAPI.a */;
			productType = "com.apple.product-type.library.static";
		};
/* End PBXNativeTarget section */

/* Begin PBXProject section */
		18B5756425E522200061B45D /* Project object */ = {
			isa = PBXProject;
			attributes = {
				LastUpgradeCheck = 1240;
				TargetAttributes = {
					18B5756B25E522200061B45D = {
						CreatedOnToolsVersion = 12.4;
					};
					18B5758A25E524A20061B45D = {
						CreatedOnToolsVersion = 12.4;
					};
				};
			};
			buildConfigurationList = 18B5756725E522200061B45D /* Build configuration list for PBXProject "Example" */;
			compatibilityVersion = "Xcode 9.3";
			developmentRegion = en;
			hasScannedForEncodings = 0;
			knownRegions = (
				en,
				Base,
			);
			mainGroup = 18B5756325E522200061B45D;
			productRefGroup = 18B5756D25E522200061B45D /* Products */;
			projectDirPath = "";
			projectRoot = "";
			targets = (
				18B5756B25E522200061B45D /* Example */,
				18B5758A25E524A20061B45D /* NAPI */,
			);
		};
/* End PBXProject section */

/* Begin PBXSourcesBuildPhase section */
		18B5756825E522200061B45D /* Sources */ = {
			isa = PBXSourcesBuildPhase;
			buildActionMask = 2147483647;
			files = (
				18B5757025E522200061B45D /* main.c in Sources */,
			);
			runOnlyForDeploymentPostprocessing = 0;
		};
		18B5758825E524A20061B45D /* Sources */ = {
			isa = PBXSourcesBuildPhase;
			buildActionMask = 2147483647;
			files = (
				1818CDFF25E559F800AD18C3 /* js_native_api_jsc.c in Sources */,
			);
			runOnlyForDeploymentPostprocessing = 0;
		};
/* End PBXSourcesBuildPhase section */

/* Begin XCBuildConfiguration section */
		18B5757125E522200061B45D /* Debug */ = {
			isa = XCBuildConfiguration;
			buildSettings = {
				ALWAYS_SEARCH_USER_PATHS = NO;
				CLANG_ANALYZER_NONNULL = YES;
				CLANG_ANALYZER_NUMBER_OBJECT_CONVERSION = YES_AGGRESSIVE;
				CLANG_CXX_LANGUAGE_STANDARD = "gnu++14";
				CLANG_CXX_LIBRARY = "libc++";
				CLANG_ENABLE_MODULES = YES;
				CLANG_ENABLE_OBJC_ARC = YES;
				CLANG_ENABLE_OBJC_WEAK = YES;
				CLANG_WARN_BLOCK_CAPTURE_AUTORELEASING = YES;
				CLANG_WARN_BOOL_CONVERSION = YES;
				CLANG_WARN_COMMA = YES;
				CLANG_WARN_CONSTANT_CONVERSION = YES;
				CLANG_WARN_DEPRECATED_OBJC_IMPLEMENTATIONS = YES;
				CLANG_WARN_DIRECT_OBJC_ISA_USAGE = YES_ERROR;
				CLANG_WARN_DOCUMENTATION_COMMENTS = YES;
				CLANG_WARN_EMPTY_BODY = YES;
				CLANG_WARN_ENUM_CONVERSION = YES;
				CLANG_WARN_INFINITE_RECURSION = YES;
				CLANG_WARN_INT_CONVERSION = YES;
				CLANG_WARN_NON_LITERAL_NULL_CONVERSION = YES;
				CLANG_WARN_OBJC_IMPLICIT_RETAIN_SELF = YES;
				CLANG_WARN_OBJC_LITERAL_CONVERSION = YES;
				CLANG_WARN_OBJC_ROOT_CLASS = YES_ERROR;
				CLANG_WARN_QUOTED_INCLUDE_IN_FRAMEWORK_HEADER = YES;
				CLANG_WARN_RANGE_LOOP_ANALYSIS = YES;
				CLANG_WARN_STRICT_PROTOTYPES = YES;
				CLANG_WARN_SUSPICIOUS_MOVE = YES;
				CLANG_WARN_UNGUARDED_AVAILABILITY = YES_AGGRESSIVE;
				CLANG_WARN_UNREACHABLE_CODE = YES;
				CLANG_WARN__DUPLICATE_METHOD_MATCH = YES;
				COPY_PHASE_STRIP = NO;
				DEBUG_INFORMATION_FORMAT = dwarf;
				ENABLE_STRICT_OBJC_MSGSEND = YES;
				ENABLE_TESTABILITY = YES;
				GCC_C_LANGUAGE_STANDARD = gnu11;
				GCC_DYNAMIC_NO_PIC = NO;
				GCC_NO_COMMON_BLOCKS = YES;
				GCC_OPTIMIZATION_LEVEL = 0;
				GCC_PREPROCESSOR_DEFINITIONS = (
					"DEBUG=1",
					"$(inherited)",
				);
				GCC_WARN_64_TO_32_BIT_CONVERSION = YES;
				GCC_WARN_ABOUT_RETURN_TYPE = YES_ERROR;
				GCC_WARN_UNDECLARED_SELECTOR = YES;
				GCC_WARN_UNINITIALIZED_AUTOS = YES_AGGRESSIVE;
				GCC_WARN_UNUSED_FUNCTION = YES;
				GCC_WARN_UNUSED_VARIABLE = YES;
				MACOSX_DEPLOYMENT_TARGET = 11.1;
				MTL_ENABLE_DEBUG_INFO = INCLUDE_SOURCE;
				MTL_FAST_MATH = YES;
				ONLY_ACTIVE_ARCH = YES;
				SDKROOT = macosx;
			};
			name = Debug;
		};
		18B5757225E522200061B45D /* Release */ = {
			isa = XCBuildConfiguration;
			buildSettings = {
				ALWAYS_SEARCH_USER_PATHS = NO;
				CLANG_ANALYZER_NONNULL = YES;
				CLANG_ANALYZER_NUMBER_OBJECT_CONVERSION = YES_AGGRESSIVE;
				CLANG_CXX_LANGUAGE_STANDARD = "gnu++14";
				CLANG_CXX_LIBRARY = "libc++";
				CLANG_ENABLE_MODULES = YES;
				CLANG_ENABLE_OBJC_ARC = YES;
				CLANG_ENABLE_OBJC_WEAK = YES;
				CLANG_WARN_BLOCK_CAPTURE_AUTORELEASING = YES;
				CLANG_WARN_BOOL_CONVERSION = YES;
				CLANG_WARN_COMMA = YES;
				CLANG_WARN_CONSTANT_CONVERSION = YES;
				CLANG_WARN_DEPRECATED_OBJC_IMPLEMENTATIONS = YES;
				CLANG_WARN_DIRECT_OBJC_ISA_USAGE = YES_ERROR;
				CLANG_WARN_DOCUMENTATION_COMMENTS = YES;
				CLANG_WARN_EMPTY_BODY = YES;
				CLANG_WARN_ENUM_CONVERSION = YES;
				CLANG_WARN_INFINITE_RECURSION = YES;
				CLANG_WARN_INT_CONVERSION = YES;
				CLANG_WARN_NON_LITERAL_NULL_CONVERSION = YES;
				CLANG_WARN_OBJC_IMPLICIT_RETAIN_SELF = YES;
				CLANG_WARN_OBJC_LITERAL_CONVERSION = YES;
				CLANG_WARN_OBJC_ROOT_CLASS = YES_ERROR;
				CLANG_WARN_QUOTED_INCLUDE_IN_FRAMEWORK_HEADER = YES;
				CLANG_WARN_RANGE_LOOP_ANALYSIS = YES;
				CLANG_WARN_STRICT_PROTOTYPES = YES;
				CLANG_WARN_SUSPICIOUS_MOVE = YES;
				CLANG_WARN_UNGUARDED_AVAILABILITY = YES_AGGRESSIVE;
				CLANG_WARN_UNREACHABLE_CODE = YES;
				CLANG_WARN__DUPLICATE_METHOD_MATCH = YES;
				COPY_PHASE_STRIP = NO;
				DEBUG_INFORMATION_FORMAT = "dwarf-with-dsym";
				ENABLE_NS_ASSERTIONS = NO;
				ENABLE_STRICT_OBJC_MSGSEND = YES;
				GCC_C_LANGUAGE_STANDARD = gnu11;
				GCC_NO_COMMON_BLOCKS = YES;
				GCC_WARN_64_TO_32_BIT_CONVERSION = YES;
				GCC_WARN_ABOUT_RETURN_TYPE = YES_ERROR;
				GCC_WARN_UNDECLARED_SELECTOR = YES;
				GCC_WARN_UNINITIALIZED_AUTOS = YES_AGGRESSIVE;
				GCC_WARN_UNUSED_FUNCTION = YES;
				GCC_WARN_UNUSED_VARIABLE = YES;
				MACOSX_DEPLOYMENT_TARGET = 11.1;
				MTL_ENABLE_DEBUG_INFO = NO;
				MTL_FAST_MATH = YES;
				SDKROOT = macosx;
			};
			name = Release;
		};
		18B5757425E522200061B45D /* Debug */ = {
			isa = XCBuildConfiguration;
			buildSettings = {
				CODE_SIGN_STYLE = Automatic;
				PRODUCT_NAME = "$(TARGET_NAME)";
			};
			name = Debug;
		};
		18B5757525E522200061B45D /* Release */ = {
			isa = XCBuildConfiguration;
			buildSettings = {
				CODE_SIGN_STYLE = Automatic;
				PRODUCT_NAME = "$(TARGET_NAME)";
			};
			name = Release;
		};
		18B5759225E524A20061B45D /* Debug */ = {
			isa = XCBuildConfiguration;
			buildSettings = {
				CODE_SIGN_STYLE = Automatic;
				EXECUTABLE_PREFIX = lib;
				PRODUCT_NAME = "$(TARGET_NAME)";
				SKIP_INSTALL = YES;
			};
			name = Debug;
		};
		18B5759325E524A20061B45D /* Release */ = {
			isa = XCBuildConfiguration;
			buildSettings = {
				CODE_SIGN_STYLE = Automatic;
				EXECUTABLE_PREFIX = lib;
				PRODUCT_NAME = "$(TARGET_NAME)";
				SKIP_INSTALL = YES;
			};
			name = Release;
		};
/* End XCBuildConfiguration section */

/* Begin XCConfigurationList section */
		18B5756725E522200061B45D /* Build configuration list for PBXProject "Example" */ = {
			isa = XCConfigurationList;
			buildConfigurations = (
				18B5757125E522200061B45D /* Debug */,
				18B5757225E522200061B45D /* Release */,
			);
			defaultConfigurationIsVisible = 0;
			defaultConfigurationName = Release;
		};
		18B5757325E522200061B45D /* Build configuration list for PBXNativeTarget "Example" */ = {
			isa = XCConfigurationList;
			buildConfigurations = (
				18B5757425E522200061B45D /* Debug */,
				18B5757525E522200061B45D /* Release */,
			);
			defaultConfigurationIsVisible = 0;
			defaultConfigurationName = Release;
		};
		18B5759125E524A20061B45D /* Build configuration list for PBXNativeTarget "NAPI" */ = {
			isa = XCConfigurationList;
			buildConfigurations = (
				18B5759225E524A20061B45D /* Debug */,
				18B5759325E524A20061B45D /* Release */,
			);
			defaultConfigurationIsVisible = 0;
			defaultConfigurationName = Release;
		};
/* End XCConfigurationList section */
	};
	rootObject = 18B5756425E522200061B45D /* Project object */;
}
